{
  "name": "email-sender",
  "version": "1.0.0",
  "lockfileVersion": 3,
  "requires": true,
  "packages": {
    "": {
      "name": "email-sender",
      "version": "1.0.0",
      "license": "MIT",
      "dependencies": {
        "cli-color": "^2.0.4",
        "csv-parse": "^5.5.6",
        "dotenv": "^16.4.7",
        "resend": "^4.1.2"
      },
      "bin": {
        "email-sender": "dist/index.js"
      },
      "devDependencies": {
        "@types/node": "^22.10.5",
        "tsx": "^4.19.4",
        "typescript": "^5.7.3"
      },
      "engines": {
        "node": ">***REMOVED***20.0.0"
      }
    },
    "node_modules/@esbuild/aix-ppc64": {
      "version": "0.28.0",
      "resolved": "https://registry.npmjs.org/@esbuild/aix-ppc64/-/aix-ppc64-0.28.0.tgz",
      "integrity": "sha512-lhRUCeuOyJQURhTxl4WkpFTjIsbDayJHih5kZC1giwE+MhIzAb7mEsQMqMf18rHLsrb5qI1tafG20mLxEWcWlA***REMOVED******REMOVED***",
      "cpu": [
        "ppc64"
      ],
      "dev": true,
      "license": "MIT",
      "optional": true,
      "os": [
        "aix"
      ],
      "engines": {
        "node": ">***REMOVED***18"
      }
    },
    "node_modules/@esbuild/android-arm": {
      "version": "0.28.0",
      "resolved": "https://registry.npmjs.org/@esbuild/android-arm/-/android-arm-0.28.0.tgz",
      "integrity": "sha512-wqh0ByljabXLKHeWXYLqoJ5jKC4XBaw6Hk08OfMrCRd2nP2ZQ5eleDZC41XHyCNgktBGYMbqnrJKq/K/lzPMSQ***REMOVED******REMOVED***",
      "cpu": [
        "arm"
      ],
      "dev": true,
      "license": "MIT",
      "optional": true,
      "os": [
        "android"
      ],
      "engines": {
        "node": ">***REMOVED***18"
      }
    },
    "node_modules/@esbuild/android-arm64": {
      "version": "0.28.0",
      "resolved": "https://registry.npmjs.org/@esbuild/android-arm64/-/android-arm64-0.28.0.tgz",
      "integrity": "sha512-+WzIXQOSaGs33tLEgYPYe/yQHf0WTU0X42Jca3y8NWMbUVhp7rUnw+vAsRC/QiDrdD31IszMrZy+qwPOPjd+rw***REMOVED******REMOVED***",
      "cpu": [
        "arm64"
      ],
      "dev": true,
      "license": "MIT",
      "optional": true,
      "os": [
        "android"
      ],
      "engines": {
        "node": ">***REMOVED***18"
      }
    },
    "node_modules/@esbuild/android-x64": {
      "version": "0.28.0",
      "resolved": "https://registry.npmjs.org/@esbuild/android-x64/-/android-x64-0.28.0.tgz",
      "integrity": "sha512-+VJggoaKhk2VNNqVL7f6S189UzShHC/mR9EE8rDdSkdpN0KflSwWY/gWjDrNxxisg8Fp1ZCD9jLMo4m0OUfeUA***REMOVED******REMOVED***",
      "cpu": [
        "x64"
      ],
      "dev": true,
      "license": "MIT",
      "optional": true,
      "os": [
        "android"
      ],
      "engines": {
        "node": ">***REMOVED***18"
      }
    },
    "node_modules/@esbuild/darwin-arm64": {
      "version": "0.28.0",
      "resolved": "https://registry.npmjs.org/@esbuild/darwin-arm64/-/darwin-arm64-0.28.0.tgz",
      "integrity": "sha512-0T+A9WZm+bZ84nZBtk1ckYsOvyA3x7e2Acj1KdVfV4/2tdG4fzUp91YHx+GArWLtwqp77pBXVCPn2We7Letr0Q***REMOVED******REMOVED***",
      "cpu": [
        "arm64"
      ],
      "dev": true,
      "license": "MIT",
      "optional": true,
      "os": [
        "darwin"
      ],
      "engines": {
        "node": ">***REMOVED***18"
      }
    },
    "node_modules/@esbuild/darwin-x64": {
      "version": "0.28.0",
      "resolved": "https://registry.npmjs.org/@esbuild/darwin-x64/-/darwin-x64-0.28.0.tgz",
      "integrity": "sha512-fyzLm/DLDl/84OCfp2f/XQ4flmORsjU7VKt8HLjvIXChJoFFOIL6pLJPH4Yhd1n1gGFF9mPwtlN5Wf82DZs+LQ***REMOVED******REMOVED***",
      "cpu": [
        "x64"
      ],
      "dev": true,
      "license": "MIT",
      "optional": true,
      "os": [
        "darwin"
      ],
      "engines": {
        "node": ">***REMOVED***18"
      }
    },
    "node_modules/@esbuild/freebsd-arm64": {
      "version": "0.28.0",
      "resolved": "https://registry.npmjs.org/@esbuild/freebsd-arm64/-/freebsd-arm64-0.28.0.tgz",
      "integrity": "sha512-l9GeW5UZBT9k9brBYI+0WDffcRxgHQD8ShN2Ur4xWq/NFzUKm3k5lsH4PdaRgb2w7mI9u61nr2gI2mLI27Nh3Q***REMOVED******REMOVED***",
      "cpu": [
        "arm64"
      ],
      "dev": true,
      "license": "MIT",
      "optional": true,
      "os": [
        "freebsd"
      ],
      "engines": {
        "node": ">***REMOVED***18"
      }
    },
    "node_modules/@esbuild/freebsd-x64": {
      "version": "0.28.0",
      "resolved": "https://registry.npmjs.org/@esbuild/freebsd-x64/-/freebsd-x64-0.28.0.tgz",
      "integrity": "sha512-BXoQai/A0wPO6Es3yFJ7APCiKGc1tdAEOgeTNy3SsB491S3aHn4S4r3e976eUnPdU+NbdtmBuLncYir2tMU9Nw***REMOVED******REMOVED***",
      "cpu": [
        "x64"
      ],
      "dev": true,
      "license": "MIT",
      "optional": true,
      "os": [
        "freebsd"
      ],
      "engines": {
        "node": ">***REMOVED***18"
      }
    },
    "node_modules/@esbuild/linux-arm": {
      "version": "0.28.0",
      "resolved": "https://registry.npmjs.org/@esbuild/linux-arm/-/linux-arm-0.28.0.tgz",
      "integrity": "sha512-CjaaREJagqJp7iTaNQjjidaNbCKYcd4IDkzbwwxtSvjI7NZm79qiHc8HqciMddQ6CKvJT6aBd8lO9kN/ZudLlw***REMOVED******REMOVED***",
      "cpu": [
        "arm"
      ],
      "dev": true,
      "license": "MIT",
      "optional": true,
      "os": [
        "linux"
      ],
      "engines": {
        "node": ">***REMOVED***18"
      }
    },
    "node_modules/@esbuild/linux-arm64": {
      "version": "0.28.0",
      "resolved": "https://registry.npmjs.org/@esbuild/linux-arm64/-/linux-arm64-0.28.0.tgz",
      "integrity": "sha512-RVyzfb3FWsGA55n6WY0MEIEPURL1FcbhFE6BffZEMEekfCzCIMtB5yyDcFnVbTnwk+CLAgTujmV/Lgvih56W+A***REMOVED******REMOVED***",
      "cpu": [
        "arm64"
      ],
      "dev": true,
      "license": "MIT",
      "optional": true,
      "os": [
        "linux"
      ],
      "engines": {
        "node": ">***REMOVED***18"
      }
    },
    "node_modules/@esbuild/linux-ia32": {
      "version": "0.28.0",
      "resolved": "https://registry.npmjs.org/@esbuild/linux-ia32/-/linux-ia32-0.28.0.tgz",
      "integrity": "sha512-KBnSTt1kxl9x70q+ydterVdl+Cn0H18ngRMRCEQfrbqdUuntQQ0LoMZv47uB97NljZFzY6HcfqEZ2SAyIUTQBQ***REMOVED******REMOVED***",
      "cpu": [
        "ia32"
      ],
      "dev": true,
      "license": "MIT",
      "optional": true,
      "os": [
        "linux"
      ],
      "engines": {
        "node": ">***REMOVED***18"
      }
    },
    "node_modules/@esbuild/linux-loong64": {
      "version": "0.28.0",
      "resolved": "https://registry.npmjs.org/@esbuild/linux-loong64/-/linux-loong64-0.28.0.tgz",
      "integrity": "sha512-zpSlUce1mnxzgBADvxKXX5sl8aYQHo2ezvMNI8I0lbblJtp8V4odlm3Yzlj7gPyt3T8ReksE6bK+pT3WD+aJRg***REMOVED******REMOVED***",
      "cpu": [
        "loong64"
      ],
      "dev": true,
      "license": "MIT",
      "optional": true,
      "os": [
        "linux"
      ],
      "engines": {
        "node": ">***REMOVED***18"
      }
    },
    "node_modules/@esbuild/linux-mips64el": {
      "version": "0.28.0",
      "resolved": "https://registry.npmjs.org/@esbuild/linux-mips64el/-/linux-mips64el-0.28.0.tgz",
      "integrity": "sha512-2jIfP6mmjkdmeTlsX/9vmdmhBmKADrWqN7zcdtHIeNSCH1SqIoNI63cYsjQR8J+wGa4Y5izRcSHSm8K3QWmk3w***REMOVED******REMOVED***",
      "cpu": [
        "mips64el"
      ],
      "dev": true,
      "license": "MIT",
      "optional": true,
      "os": [
        "linux"
      ],
      "engines": {
        "node": ">***REMOVED***18"
      }
    },
    "node_modules/@esbuild/linux-ppc64": {
      "version": "0.28.0",
      "resolved": "https://registry.npmjs.org/@esbuild/linux-ppc64/-/linux-ppc64-0.28.0.tgz",
      "integrity": "sha512-bc0FE9wWeC0WBm49IQMPSPILRocGTQt3j5KPCA8os6VprfuJ7KD+5PzESSrJ6GmPIPJK965ZJHTUlSA6GNYEhg***REMOVED******REMOVED***",
      "cpu": [
        "ppc64"
      ],
      "dev": true,
      "license": "MIT",
      "optional": true,
      "os": [
        "linux"
      ],
      "engines": {
        "node": ">***REMOVED***18"
      }
    },
    "node_modules/@esbuild/linux-riscv64": {
      "version": "0.28.0",
      "resolved": "https://registry.npmjs.org/@esbuild/linux-riscv64/-/linux-riscv64-0.28.0.tgz",
      "integrity": "sha512-SQPZOwoTTT/HXFXQJG/vBX8sOFagGqvZyXcgLA3NhIqcBv1BJU1d46c0rGcrij2B56Z2rNiSLaZOYW5cUk7yLQ***REMOVED******REMOVED***",
      "cpu": [
        "riscv64"
      ],
      "dev": true,
      "license": "MIT",
      "optional": true,
      "os": [
        "linux"
      ],
      "engines": {
        "node": ">***REMOVED***18"
      }
    },
    "node_modules/@esbuild/linux-s390x": {
      "version": "0.28.0",
      "resolved": "https://registry.npmjs.org/@esbuild/linux-s390x/-/linux-s390x-0.28.0.tgz",
      "integrity": "sha512-SCfR0HN8CEEjnYnySJTd2cw0k9OHB/YFzt5zgJEwa+wL/T/raGWYMBqwDNAC6dqFKmJYZoQBRfHjgwLHGSrn3Q***REMOVED******REMOVED***",
      "cpu": [
        "s390x"
      ],
      "dev": true,
      "license": "MIT",
      "optional": true,
      "os": [
        "linux"
      ],
      "engines": {
        "node": ">***REMOVED***18"
      }
    },
    "node_modules/@esbuild/linux-x64": {
      "version": "0.28.0",
      "resolved": "https://registry.npmjs.org/@esbuild/linux-x64/-/linux-x64-0.28.0.tgz",
      "integrity": "sha512-us0dSb9iFxIi8srnpl931Nvs65it/Jd2a2K3qs7fz2WfGPHqzfzZTfec7oxZJRNPXPnNYZtanmRc4AL/JwVzHQ***REMOVED******REMOVED***",
      "cpu": [
        "x64"
      ],
      "dev": true,
      "license": "MIT",
      "optional": true,
      "os": [
        "linux"
      ],
      "engines": {
        "node": ">***REMOVED***18"
      }
    },
    "node_modules/@esbuild/netbsd-arm64": {
      "version": "0.28.0",
      "resolved": "https://registry.npmjs.org/@esbuild/netbsd-arm64/-/netbsd-arm64-0.28.0.tgz",
      "integrity": "sha512-CR/RYotgtCKwtftMwJlUU7xCVNg3lMYZ0RzTmAHSfLCXw3NtZtNpswLEj/Kkf6kEL3Gw+BpOekRX0BYCtklhUw***REMOVED******REMOVED***",
      "cpu": [
        "arm64"
      ],
      "dev": true,
      "license": "MIT",
      "optional": true,
      "os": [
        "netbsd"
      ],
      "engines": {
        "node": ">***REMOVED***18"
      }
    },
    "node_modules/@esbuild/netbsd-x64": {
      "version": "0.28.0",
      "resolved": "https://registry.npmjs.org/@esbuild/netbsd-x64/-/netbsd-x64-0.28.0.tgz",
      "integrity": "sha512-nU1yhmYutL+fQ71Kxnhg8uEOdC0pwEW9entHykTgEbna2pw2dkbFSMeqjjyHZoCmt8SBkOSvV+yNmm94aUrrqw***REMOVED******REMOVED***",
      "cpu": [
        "x64"
      ],
      "dev": true,
      "license": "MIT",
      "optional": true,
      "os": [
        "netbsd"
      ],
      "engines": {
        "node": ">***REMOVED***18"
      }
    },
    "node_modules/@esbuild/openbsd-arm64": {
      "version": "0.28.0",
      "resolved": "https://registry.npmjs.org/@esbuild/openbsd-arm64/-/openbsd-arm64-0.28.0.tgz",
      "integrity": "sha512-cXb5vApOsRsxsEl4mcZ1XY3D4DzcoMxR/nnc4IyqYs0rTI8ZKmW6kyyg+11Z8yvgMfAEldKzP7AdP64HnSC/6g***REMOVED******REMOVED***",
      "cpu": [
        "arm64"
      ],
      "dev": true,
      "license": "MIT",
      "optional": true,
      "os": [
        "openbsd"
      ],
      "engines": {
        "node": ">***REMOVED***18"
      }
    },
    "node_modules/@esbuild/openbsd-x64": {
      "version": "0.28.0",
      "resolved": "https://registry.npmjs.org/@esbuild/openbsd-x64/-/openbsd-x64-0.28.0.tgz",
      "integrity": "sha512-8wZM2qqtv9UP3mzy7HiGYNH/zjTA355mpeuA+859TyR+e+Tc08IHYpLJuMsfpDJwoLo1ikIJI8jC3GFjnRClzA***REMOVED******REMOVED***",
      "cpu": [
        "x64"
      ],
      "dev": true,
      "license": "MIT",
      "optional": true,
      "os": [
        "openbsd"
      ],
      "engines": {
        "node": ">***REMOVED***18"
      }
    },
    "node_modules/@esbuild/openharmony-arm64": {
      "version": "0.28.0",
      "resolved": "https://registry.npmjs.org/@esbuild/openharmony-arm64/-/openharmony-arm64-0.28.0.tgz",
      "integrity": "sha512-FLGfyizszcef5C3YtoyQDACyg95+dndv79i2EekILBofh5wpCa1KuBqOWKrEHZg3zrL3t5ouE5jgr94vA+Wb2w***REMOVED******REMOVED***",
      "cpu": [
        "arm64"
      ],
      "dev": true,
      "license": "MIT",
      "optional": true,
      "os": [
        "openharmony"
      ],
      "engines": {
        "node": ">***REMOVED***18"
      }
    },
    "node_modules/@esbuild/sunos-x64": {
      "version": "0.28.0",
      "resolved": "https://registry.npmjs.org/@esbuild/sunos-x64/-/sunos-x64-0.28.0.tgz",
      "integrity": "sha512-1ZgjUoEdHZZl/YlV76TSCz9Hqj9h9YmMGAgAPYd+q4SicWNX3G5GCyx9uhQWSLcbvPW8Ni7lj4gDa1T40akdlw***REMOVED******REMOVED***",
      "cpu": [
        "x64"
      ],
      "dev": true,
      "license": "MIT",
      "optional": true,
      "os": [
        "sunos"
      ],
      "engines": {
        "node": ">***REMOVED***18"
      }
    },
    "node_modules/@esbuild/win32-arm64": {
      "version": "0.28.0",
      "resolved": "https://registry.npmjs.org/@esbuild/win32-arm64/-/win32-arm64-0.28.0.tgz",
      "integrity": "sha512-Q9StnDmQ/enxnpxCCLSg0oo4+34B9TdXpuyPeTedN/6+iXBJ4J+zwfQI28u/Jl40nOYAxGoNi7mFP40RUtkmUA***REMOVED******REMOVED***",
      "cpu": [
        "arm64"
      ],
      "dev": true,
      "license": "MIT",
      "optional": true,
      "os": [
        "win32"
      ],
      "engines": {
        "node": ">***REMOVED***18"
      }
    },
    "node_modules/@esbuild/win32-ia32": {
      "version": "0.28.0",
      "resolved": "https://registry.npmjs.org/@esbuild/win32-ia32/-/win32-ia32-0.28.0.tgz",
      "integrity": "sha512-zF3ag/gfiCe6U2iczcRzSYJKH1DCI+ByzSENHlM2FcDbEeo5Zd2C86Aq0tKUYAJJ1obRP84ymxIAksZUcdztHA***REMOVED******REMOVED***",
      "cpu": [
        "ia32"
      ],
      "dev": true,
      "license": "MIT",
      "optional": true,
      "os": [
        "win32"
      ],
      "engines": {
        "node": ">***REMOVED***18"
      }
    },
    "node_modules/@esbuild/win32-x64": {
      "version": "0.28.0",
      "resolved": "https://registry.npmjs.org/@esbuild/win32-x64/-/win32-x64-0.28.0.tgz",
      "integrity": "sha512-pEl1bO9mfAmIC+tW5btTmrKaujg3zGtUmWNdCw/xs70FBjwAL3o9OEKNHvNmnyylD6ubxUERiEhdsL0xBQ9efw***REMOVED******REMOVED***",
      "cpu": [
        "x64"
      ],
      "dev": true,
      "license": "MIT",
      "optional": true,
      "os": [
        "win32"
      ],
      "engines": {
        "node": ">***REMOVED***18"
      }
    },
    "node_modules/@react-email/render": {
      "version": "1.1.2",
      "resolved": "https://registry.npmjs.org/@react-email/render/-/render-1.1.2.tgz",
      "integrity": "sha512-RnRehYN3v9gVlNMehHPHhyp2RQo7+pSkHDtXPvg3s0GbzM9SQMW4Qrf8GRNvtpLC4gsI+Wt0VatNRUFqjvevbw***REMOVED******REMOVED***",
      "license": "MIT",
      "dependencies": {
        "html-to-text": "^9.0.5",
        "prettier": "^3.5.3",
        "react-promise-suspense": "^0.3.4"
      },
      "engines": {
        "node": ">***REMOVED***18.0.0"
      },
      "peerDependencies": {
        "react": "^18.0 || ^19.0 || ^19.0.0-rc",
        "react-dom": "^18.0 || ^19.0 || ^19.0.0-rc"
      }
    },
    "node_modules/@selderee/plugin-htmlparser2": {
      "version": "0.11.0",
      "resolved": "https://registry.npmjs.org/@selderee/plugin-htmlparser2/-/plugin-htmlparser2-0.11.0.tgz",
      "integrity": "sha512-P33hHGdldxGabLFjPPpaTxVolMrzrcegejx+0GxjrIb9Zv48D8yAIA/QTDR2dFl7Uz7urX8aX6+5bCZslr+gWQ***REMOVED******REMOVED***",
      "license": "MIT",
      "dependencies": {
        "domhandler": "^5.0.3",
        "selderee": "^0.11.0"
      },
      "funding": {
        "url": "https://ko-fi.com/killymxi"
      }
    },
    "node_modules/@types/node": {
      "version": "22.19.20",
      "resolved": "https://registry.npmjs.org/@types/node/-/node-22.19.20.tgz",
      "integrity": "sha512-6tELRwSDYWW9EdZhbeZmYGZ1/7Djkt+Ah3/ScEYT9cDord7UJzasR/4D3VONg9tQI5CDp+/CZC1AXj2pCFOvpw***REMOVED******REMOVED***",
      "dev": true,
      "license": "MIT",
      "dependencies": {
        "undici-types": "~6.21.0"
      }
    },
    "node_modules/cli-color": {
      "version": "2.0.4",
      "resolved": "https://registry.npmjs.org/cli-color/-/cli-color-2.0.4.tgz",
      "integrity": "sha512-zlnpg0jNcibNrO7GG9IeHH7maWFeCz+Ja1wx/7tZNU5ASSSSZ+/qZciM0/LHCYxSdqv5h2sdbQ/PXYdOuetXvA***REMOVED******REMOVED***",
      "license": "ISC",
      "dependencies": {
        "d": "^1.0.1",
        "es5-ext": "^0.10.64",
        "es6-iterator": "^2.0.3",
        "memoizee": "^0.4.15",
        "timers-ext": "^0.1.7"
      },
      "engines": {
        "node": ">***REMOVED***0.10"
      }
    },
    "node_modules/csv-parse": {
      "version": "5.6.0",
      "resolved": "https://registry.npmjs.org/csv-parse/-/csv-parse-5.6.0.tgz",
      "integrity": "sha512-l3nz3euub2QMg5ouu5U09Ew9Wf6/wQ8I++ch1loQ0ljmzhmfZYrH9fflS22i/PQEvsPvxCwxgz5q7UB8K1JO4Q***REMOVED******REMOVED***",
      "license": "MIT"
    },
    "node_modules/d": {
      "version": "1.0.2",
      "resolved": "https://registry.npmjs.org/d/-/d-1.0.2.tgz",
      "integrity": "sha512-MOqHvMWF9/9MX6nza0KgvFH4HpMU0EF5uUDXqX/BtxtU8NfB0QzRtJ8Oe/6SuS4kbhyzVJwjd97EA4PKrzJ8bw***REMOVED******REMOVED***",
      "license": "ISC",
      "dependencies": {
        "es5-ext": "^0.10.64",
        "type": "^2.7.2"
      },
      "engines": {
        "node": ">***REMOVED***0.12"
      }
    },
    "node_modules/deepmerge": {
      "version": "4.3.1",
      "resolved": "https://registry.npmjs.org/deepmerge/-/deepmerge-4.3.1.tgz",
      "integrity": "sha512-3sUqbMEc77XqpdNO7FRyRog+eW3ph+GYCbj+rK+uYyRMuwsVy0rMiVtPn+QJlKFvWP/1PYpapqYn0Me2knFn+A***REMOVED******REMOVED***",
      "license": "MIT",
      "engines": {
        "node": ">***REMOVED***0.10.0"
      }
    },
    "node_modules/dom-serializer": {
      "version": "2.0.0",
      "resolved": "https://registry.npmjs.org/dom-serializer/-/dom-serializer-2.0.0.tgz",
      "integrity": "sha512-wIkAryiqt/nV5EQKqQpo3SToSOV9J0DnbJqwK7Wv/Trc92zIAYZ4FlMu+JPFW1DfGFt81ZTCGgDEabffXeLyJg***REMOVED******REMOVED***",
      "license": "MIT",
      "dependencies": {
        "domelementtype": "^2.3.0",
        "domhandler": "^5.0.2",
        "entities": "^4.2.0"
      },
      "funding": {
        "url": "https://github.com/cheeriojs/dom-serializer?sponsor***REMOVED***1"
      }
    },
    "node_modules/domelementtype": {
      "version": "2.3.0",
      "resolved": "https://registry.npmjs.org/domelementtype/-/domelementtype-2.3.0.tgz",
      "integrity": "sha512-OLETBj6w0OsagBwdXnPdN0cnMfF9opN69co+7ZrbfPGrdpPVNBUj02spi6B1N7wChLQiPn4CSH/zJvXw56gmHw***REMOVED******REMOVED***",
      "funding": [
        {
          "type": "github",
          "url": "https://github.com/sponsors/fb55"
        }
      ],
      "license": "BSD-2-Clause"
    },
    "node_modules/domhandler": {
      "version": "5.0.3",
      "resolved": "https://registry.npmjs.org/domhandler/-/domhandler-5.0.3.tgz",
      "integrity": "sha512-cgwlv/1iFQiFnU96XXgROh8xTeetsnJiDsTc7TYCLFd9+/WNkIqPTxiM/8pSd8VIrhXGTf1Ny1q1hquVqDJB5w***REMOVED******REMOVED***",
      "license": "BSD-2-Clause",
      "dependencies": {
        "domelementtype": "^2.3.0"
      },
      "engines": {
        "node": ">***REMOVED*** 4"
      },
      "funding": {
        "url": "https://github.com/fb55/domhandler?sponsor***REMOVED***1"
      }
    },
    "node_modules/domutils": {
      "version": "3.2.2",
      "resolved": "https://registry.npmjs.org/domutils/-/domutils-3.2.2.tgz",
      "integrity": "sha512-6kZKyUajlDuqlHKVX1w7gyslj9MPIXzIFiz/rGu35uC1wMi+kMhQwGhl4lt9unC9Vb9INnY9Z3/ZA3+FhASLaw***REMOVED******REMOVED***",
      "license": "BSD-2-Clause",
      "dependencies": {
        "dom-serializer": "^2.0.0",
        "domelementtype": "^2.3.0",
        "domhandler": "^5.0.3"
      },
      "funding": {
        "url": "https://github.com/fb55/domutils?sponsor***REMOVED***1"
      }
    },
    "node_modules/dotenv": {
      "version": "16.6.1",
      "resolved": "https://registry.npmjs.org/dotenv/-/dotenv-16.6.1.tgz",
      "integrity": "sha512-uBq4egWHTcTt33a72vpSG0z3HnPuIl6NqYcTrKEg2azoEyl2hpW0zqlxysq2pK9HlDIHyHyakeYaYnSAwd8bow***REMOVED******REMOVED***",
      "license": "BSD-2-Clause",
      "engines": {
        "node": ">***REMOVED***12"
      },
      "funding": {
        "url": "https://dotenvx.com"
      }
    },
    "node_modules/entities": {
      "version": "4.5.0",
      "resolved": "https://registry.npmjs.org/entities/-/entities-4.5.0.tgz",
      "integrity": "sha512-V0hjH4dGPh9Ao5p0MoRY6BVqtwCjhz6vI5LT8AJ55H+4g9/4vbHx1I54fS0XuclLhDHArPQCiMjDxjaL8fPxhw***REMOVED******REMOVED***",
      "license": "BSD-2-Clause",
      "engines": {
        "node": ">***REMOVED***0.12"
      },
      "funding": {
        "url": "https://github.com/fb55/entities?sponsor***REMOVED***1"
      }
    },
    "node_modules/es5-ext": {
      "version": "0.10.64",
      "resolved": "https://registry.npmjs.org/es5-ext/-/es5-ext-0.10.64.tgz",
      "integrity": "sha512-p2snDhiLaXe6dahss1LddxqEm+SkuDvV8dnIQG0MWjyHpcMNfXKPE+/Cc0y+PhxJX3A4xGNeFCj5oc0BUh6deg***REMOVED******REMOVED***",
      "hasInstallScript": true,
      "license": "ISC",
      "dependencies": {
        "es6-iterator": "^2.0.3",
        "es6-symbol": "^3.1.3",
        "esniff": "^2.0.1",
        "next-tick": "^1.1.0"
      },
      "engines": {
        "node": ">***REMOVED***0.10"
      }
    },
    "node_modules/es6-iterator": {
      "version": "2.0.3",
      "resolved": "https://registry.npmjs.org/es6-iterator/-/es6-iterator-2.0.3.tgz",
      "integrity": "sha512-zw4SRzoUkd+cl+ZoE15A9o1oQd920Bb0iOJMQkQhl3jNc03YqVjAhG7scf9C5KWRU/R13Orf588uCC6525o02g***REMOVED******REMOVED***",
      "license": "MIT",
      "dependencies": {
        "d": "1",
        "es5-ext": "^0.10.35",
        "es6-symbol": "^3.1.1"
      }
    },
    "node_modules/es6-symbol": {
      "version": "3.1.4",
      "resolved": "https://registry.npmjs.org/es6-symbol/-/es6-symbol-3.1.4.tgz",
      "integrity": "sha512-U9bFFjX8tFiATgtkJ1zg25+KviIXpgRvRHS8sau3GfhVzThRQrOeksPeT0BWW2MNZs1OEWJ1DPXOQMn0KKRkvg***REMOVED******REMOVED***",
      "license": "ISC",
      "dependencies": {
        "d": "^1.0.2",
        "ext": "^1.7.0"
      },
      "engines": {
        "node": ">***REMOVED***0.12"
      }
    },
    "node_modules/es6-weak-map": {
      "version": "2.0.3",
      "resolved": "https://registry.npmjs.org/es6-weak-map/-/es6-weak-map-2.0.3.tgz",
      "integrity": "sha512-p5um32HOTO1kP+w7PRnB+5lQ43Z6muuMuIMffvDN8ZB4GcnjLBV6zGStpbASIMk4DCAvEaamhe2zhyCb/QXXsA***REMOVED******REMOVED***",
      "license": "ISC",
      "dependencies": {
        "d": "1",
        "es5-ext": "^0.10.46",
        "es6-iterator": "^2.0.3",
        "es6-symbol": "^3.1.1"
      }
    },
    "node_modules/esbuild": {
      "version": "0.28.0",
      "resolved": "https://registry.npmjs.org/esbuild/-/esbuild-0.28.0.tgz",
      "integrity": "sha512-sNR9MHpXSUV/XB4zmsFKN+QgVG82Cc7+/aaxJ8Adi8hyOac+EXptIp45QBPaVyX3N70664wRbTcLTOemCAnyqw***REMOVED******REMOVED***",
      "dev": true,
      "hasInstallScript": true,
      "license": "MIT",
      "bin": {
        "esbuild": "bin/esbuild"
      },
      "engines": {
        "node": ">***REMOVED***18"
      },
      "optionalDependencies": {
        "@esbuild/aix-ppc64": "0.28.0",
        "@esbuild/android-arm": "0.28.0",
        "@esbuild/android-arm64": "0.28.0",
        "@esbuild/android-x64": "0.28.0",
        "@esbuild/darwin-arm64": "0.28.0",
        "@esbuild/darwin-x64": "0.28.0",
        "@esbuild/freebsd-arm64": "0.28.0",
        "@esbuild/freebsd-x64": "0.28.0",
        "@esbuild/linux-arm": "0.28.0",
        "@esbuild/linux-arm64": "0.28.0",
        "@esbuild/linux-ia32": "0.28.0",
        "@esbuild/linux-loong64": "0.28.0",
        "@esbuild/linux-mips64el": "0.28.0",
        "@esbuild/linux-ppc64": "0.28.0",
        "@esbuild/linux-riscv64": "0.28.0",
        "@esbuild/linux-s390x": "0.28.0",
        "@esbuild/linux-x64": "0.28.0",
        "@esbuild/netbsd-arm64": "0.28.0",
        "@esbuild/netbsd-x64": "0.28.0",
        "@esbuild/openbsd-arm64": "0.28.0",
        "@esbuild/openbsd-x64": "0.28.0",
        "@esbuild/openharmony-arm64": "0.28.0",
        "@esbuild/sunos-x64": "0.28.0",
        "@esbuild/win32-arm64": "0.28.0",
        "@esbuild/win32-ia32": "0.28.0",
        "@esbuild/win32-x64": "0.28.0"
      }
    },
    "node_modules/esniff": {
      "version": "2.0.1",
      "resolved": "https://registry.npmjs.org/esniff/-/esniff-2.0.1.tgz",
      "integrity": "sha512-kTUIGKQ/mDPFoJ0oVfcmyJn4iBDRptjNVIzwIFR7tqWXdVI9xfA2RMwY/gbSpJG3lkdWNEjLap/NqVHZiJsdfg***REMOVED******REMOVED***",
      "license": "ISC",
      "dependencies": {
        "d": "^1.0.1",
        "es5-ext": "^0.10.62",
        "event-emitter": "^0.3.5",
        "type": "^2.7.2"
      },
      "engines": {
        "node": ">***REMOVED***0.10"
      }
    },
    "node_modules/event-emitter": {
      "version": "0.3.5",
      "resolved": "https://registry.npmjs.org/event-emitter/-/event-emitter-0.3.5.tgz",
      "integrity": "sha512-D9rRn9y7kLPnJ+hMq7S/nhvoKwwvVJahBi2BPmx3bvbsEdK3W9ii8cBSGjP+72/LnM4n6fo3+dkCX5FeTQruXA***REMOVED******REMOVED***",
      "license": "MIT",
      "dependencies": {
        "d": "1",
        "es5-ext": "~0.10.14"
      }
    },
    "node_modules/ext": {
      "version": "1.7.0",
      "resolved": "https://registry.npmjs.org/ext/-/ext-1.7.0.tgz",
      "integrity": "sha512-6hxeJYaL110a9b5TEJSj0gojyHQAmA2ch5Os+ySCiA1QGdS697XWY1pzsrSjqA9LDEEgdB/KypIlR59RcLuHYw***REMOVED******REMOVED***",
      "license": "ISC",
      "dependencies": {
        "type": "^2.7.2"
      }
    },
    "node_modules/fast-deep-equal": {
      "version": "2.0.1",
      "resolved": "https://registry.npmjs.org/fast-deep-equal/-/fast-deep-equal-2.0.1.tgz",
      "integrity": "sha512-bCK/2Z4zLidyB4ReuIsvALH6w31YfAQDmXMqMx6FyfHqvBxtjC0eRumeSu4Bs3XtXwpyIywtSTrVT99BxY1f9w***REMOVED******REMOVED***",
      "license": "MIT"
    },
    "node_modules/fsevents": {
      "version": "2.3.3",
      "resolved": "https://registry.npmjs.org/fsevents/-/fsevents-2.3.3.tgz",
      "integrity": "sha512-5xoDfX+fL7faATnagmWPpbFtwh/R77WmMMqqHGS65C3vvB0YHrgF+B1YmZ3441tMj5n63k0212XNoJwzlhffQw***REMOVED******REMOVED***",
      "dev": true,
      "hasInstallScript": true,
      "license": "MIT",
      "optional": true,
      "os": [
        "darwin"
      ],
      "engines": {
        "node": "^8.16.0 || ^10.6.0 || >***REMOVED***11.0.0"
      }
    },
    "node_modules/html-to-text": {
      "version": "9.0.5",
      "resolved": "https://registry.npmjs.org/html-to-text/-/html-to-text-9.0.5.tgz",
      "integrity": "sha512-qY60FjREgVZL03vJU6IfMV4GDjGBIoOyvuFdpBDIX9yTlDw0TjxVBQp+P8NvpdIXNJvfWBTNul7fsAQJq2FNpg***REMOVED******REMOVED***",
      "license": "MIT",
      "dependencies": {
        "@selderee/plugin-htmlparser2": "^0.11.0",
        "deepmerge": "^4.3.1",
        "dom-serializer": "^2.0.0",
        "htmlparser2": "^8.0.2",
        "selderee": "^0.11.0"
      },
      "engines": {
        "node": ">***REMOVED***14"
      }
    },
    "node_modules/htmlparser2": {
      "version": "8.0.2",
      "resolved": "https://registry.npmjs.org/htmlparser2/-/htmlparser2-8.0.2.tgz",
      "integrity": "sha512-GYdjWKDkbRLkZ5geuHs5NY1puJ+PXwP7+fHPRz06Eirsb9ugf6d8kkXav6ADhcODhFFPMIXyxkxSuMf3D6NCFA***REMOVED******REMOVED***",
      "funding": [
        "https://github.com/fb55/htmlparser2?sponsor***REMOVED***1",
        {
          "type": "github",
          "url": "https://github.com/sponsors/fb55"
        }
      ],
      "license": "MIT",
      "dependencies": {
        "domelementtype": "^2.3.0",
        "domhandler": "^5.0.3",
        "domutils": "^3.0.1",
        "entities": "^4.4.0"
      }
    },
    "node_modules/is-promise": {
      "version": "2.2.2",
      "resolved": "https://registry.npmjs.org/is-promise/-/is-promise-2.2.2.tgz",
      "integrity": "sha512-+lP4/6lKUBfQjZ2pdxThZvLUAafmZb8OAxFb8XXtiQmS35INgr85hdOGoEs124ez1FCnZJt6jau/T+alh58QFQ***REMOVED******REMOVED***",
      "license": "MIT"
    },
    "node_modules/leac": {
      "version": "0.6.0",
      "resolved": "https://registry.npmjs.org/leac/-/leac-0.6.0.tgz",
      "integrity": "sha512-y+SqErxb8h7nE/fiEX07jsbuhrpO9lL8eca7/Y1nuWV2moNlXhyd59iDGcRf6moVyDMbmTNzL40SUyrFU/yDpg***REMOVED******REMOVED***",
      "license": "MIT",
      "funding": {
        "url": "https://ko-fi.com/killymxi"
      }
    },
    "node_modules/lru-queue": {
      "version": "0.1.0",
      "resolved": "https://registry.npmjs.org/lru-queue/-/lru-queue-0.1.0.tgz",
      "integrity": "sha512-BpdYkt9EvGl8OfWHDQPISVpcl5xZthb+XPsbELj5AQXxIC8IriDZIQYjBJPEm5rS420sjZ0TLEzRcq5KdBhYrQ***REMOVED******REMOVED***",
      "license": "MIT",
      "dependencies": {
        "es5-ext": "~0.10.2"
      }
    },
    "node_modules/memoizee": {
      "version": "0.4.17",
      "resolved": "https://registry.npmjs.org/memoizee/-/memoizee-0.4.17.tgz",
      "integrity": "sha512-DGqD7Hjpi/1or4F/aYAspXKNm5Yili0QDAFAY4QYvpqpgiY6+1jOfqpmByzjxbWd/T9mChbCArXAbDAsTm5oXA***REMOVED******REMOVED***",
      "license": "ISC",
      "dependencies": {
        "d": "^1.0.2",
        "es5-ext": "^0.10.64",
        "es6-weak-map": "^2.0.3",
        "event-emitter": "^0.3.5",
        "is-promise": "^2.2.2",
        "lru-queue": "^0.1.0",
        "next-tick": "^1.1.0",
        "timers-ext": "^0.1.7"
      },
      "engines": {
        "node": ">***REMOVED***0.12"
      }
    },
    "node_modules/next-tick": {
      "version": "1.1.0",
      "resolved": "https://registry.npmjs.org/next-tick/-/next-tick-1.1.0.tgz",
      "integrity": "sha512-CXdUiJembsNjuToQvxayPZF9Vqht7hewsvy2sOWafLvi2awflj9mOC6bHIg50orX8IJvWKY9wYQ/zB2kogPslQ***REMOVED******REMOVED***",
      "license": "ISC"
    },
    "node_modules/parseley": {
      "version": "0.12.1",
      "resolved": "https://registry.npmjs.org/parseley/-/parseley-0.12.1.tgz",
      "integrity": "sha512-e6qHKe3a9HWr0oMRVDTRhKce+bRO8VGQR3NyVwcjwrbhMmFCX9KszEV35+rn4AdilFAq9VPxP/Fe1wC9Qjd2lw***REMOVED******REMOVED***",
      "license": "MIT",
      "dependencies": {
        "leac": "^0.6.0",
        "peberminta": "^0.9.0"
      },
      "funding": {
        "url": "https://ko-fi.com/killymxi"
      }
    },
    "node_modules/peberminta": {
      "version": "0.9.0",
      "resolved": "https://registry.npmjs.org/peberminta/-/peberminta-0.9.0.tgz",
      "integrity": "sha512-XIxfHpEuSJbITd1H3EeQwpcZbTLHc+VVr8ANI9t5sit565tsI4/xK3KWTUFE2e6QiangUkh3B0jihzmGnNrRsQ***REMOVED******REMOVED***",
      "license": "MIT",
      "funding": {
        "url": "https://ko-fi.com/killymxi"
      }
    },
    "node_modules/prettier": {
      "version": "3.8.3",
      "resolved": "https://registry.npmjs.org/prettier/-/prettier-3.8.3.tgz",
      "integrity": "sha512-7igPTM53cGHMW8xWuVTydi2KO233VFiTNyF5hLJqpilHfmn8C8gPf+PS7dUT64YcXFbiMGZxS9pCSxL/Dxm/Jw***REMOVED******REMOVED***",
      "license": "MIT",
      "bin": {
        "prettier": "bin/prettier.cjs"
      },
      "engines": {
        "node": ">***REMOVED***14"
      },
      "funding": {
        "url": "https://github.com/prettier/prettier?sponsor***REMOVED***1"
      }
    },
    "node_modules/react": {
      "version": "19.2.7",
      "resolved": "https://registry.npmjs.org/react/-/react-19.2.7.tgz",
      "integrity": "sha512-HNe9WslTbXmFK8o8cmwgAeJFSBvt1bPdHCVKtaaV+WlAN36mpT4hcRpwbf3fY56ar2oIXzsBpOAiIRHAdY0OlQ***REMOVED******REMOVED***",
      "license": "MIT",
      "peer": true,
      "engines": {
        "node": ">***REMOVED***0.10.0"
      }
    },
    "node_modules/react-dom": {
      "version": "19.2.7",
      "resolved": "https://registry.npmjs.org/react-dom/-/react-dom-19.2.7.tgz",
      "integrity": "sha512-t0BRVXvbiE/o20Hfw669rLbMCDWtYZLvmJigy2f0MxsXF+71pxhR3xOkspmsO8h3ZlNzyibAmtCa3l4lYKk6gQ***REMOVED******REMOVED***",
      "license": "MIT",
      "peer": true,
      "dependencies": {
        "scheduler": "^0.27.0"
      },
      "peerDependencies": {
        "react": "^19.2.7"
      }
    },
    "node_modules/react-promise-suspense": {
      "version": "0.3.4",
      "resolved": "https://registry.npmjs.org/react-promise-suspense/-/react-promise-suspense-0.3.4.tgz",
      "integrity": "sha512-I42jl7L3Ze6kZaq+7zXWSunBa3b1on5yfvUW6Eo/3fFOj6dZ5Bqmcd264nJbTK/gn1HjjILAjSwnZbV4RpSaNQ***REMOVED******REMOVED***",
      "license": "MIT",
      "dependencies": {
        "fast-deep-equal": "^2.0.1"
      }
    },
    "node_modules/resend": {
      "version": "4.8.0",
      "resolved": "https://registry.npmjs.org/resend/-/resend-4.8.0.tgz",
      "integrity": "sha512-R8eBOFQDO6dzRTDmaMEdpqrkmgSjPpVXt4nGfWsZdYOet0kqra0xgbvTES6HmCriZEXbmGk3e0DiGIaLFTFSHA***REMOVED******REMOVED***",
      "license": "MIT",
      "dependencies": {
        "@react-email/render": "1.1.2"
      },
      "engines": {
        "node": ">***REMOVED***18"
      }
    },
    "node_modules/scheduler": {
      "version": "0.27.0",
      "resolved": "https://registry.npmjs.org/scheduler/-/scheduler-0.27.0.tgz",
      "integrity": "sha512-eNv+WrVbKu1f3vbYJT/xtiF5syA5HPIMtf9IgY/nKg0sWqzAUEvqY/xm7OcZc/qafLx/iO9FgOmeSAp4v5ti/Q***REMOVED******REMOVED***",
      "license": "MIT",
      "peer": true
    },
    "node_modules/selderee": {
      "version": "0.11.0",
      "resolved": "https://registry.npmjs.org/selderee/-/selderee-0.11.0.tgz",
      "integrity": "sha512-5TF+l7p4+OsnP8BCCvSyZiSPc4x4//p5uPwK8TCnVPJYRmU2aYKMpOXvw8zM5a5JvuuCGN1jmsMwuU2W02ukfA***REMOVED******REMOVED***",
      "license": "MIT",
      "dependencies": {
        "parseley": "^0.12.0"
      },
      "funding": {
        "url": "https://ko-fi.com/killymxi"
      }
    },
    "node_modules/timers-ext": {
      "version": "0.1.8",
      "resolved": "https://registry.npmjs.org/timers-ext/-/timers-ext-0.1.8.tgz",
      "integrity": "sha512-wFH7+SEAcKfJpfLPkrgMPvvwnEtj8W4IurvEyrKsDleXnKLCDw71w8jltvfLa8Rm4qQxxT4jmDBYbJG/z7qoww***REMOVED******REMOVED***",
      "license": "ISC",
      "dependencies": {
        "es5-ext": "^0.10.64",
        "next-tick": "^1.1.0"
      },
      "engines": {
        "node": ">***REMOVED***0.12"
      }
    },
    "node_modules/tsx": {
      "version": "4.22.4",
      "resolved": "https://registry.npmjs.org/tsx/-/tsx-4.22.4.tgz",
      "integrity": "sha512-X8EX+XV4QR5xCsrgxaED954zTDfY8KqlDtskKEL0cHhyS/P8b4IFOvGDQpsC9Q1XnLq915wEfwwY/zzskCtmhg***REMOVED******REMOVED***",
      "dev": true,
      "license": "MIT",
      "dependencies": {
        "esbuild": "~0.28.0"
      },
      "bin": {
        "tsx": "dist/cli.mjs"
      },
      "engines": {
        "node": ">***REMOVED***18.0.0"
      },
      "optionalDependencies": {
        "fsevents": "~2.3.3"
      }
    },
    "node_modules/type": {
      "version": "2.7.3",
      "resolved": "https://registry.npmjs.org/type/-/type-2.7.3.tgz",
      "integrity": "sha512-8j+1QmAbPvLZow5Qpi6NCaN8FB60p/6x8/vfNqOk/hC+HuvFZhL4+WfekuhQLiqFZXOgQdrs3B+XxEmCc6b3FQ***REMOVED******REMOVED***",
      "license": "ISC"
    },
    "node_modules/typescript": {
      "version": "5.9.3",
      "resolved": "https://registry.npmjs.org/typescript/-/typescript-5.9.3.tgz",
      "integrity": "sha512-jl1vZzPDinLr9eUt3J/t7V6FgNEw9QjvBPdysz9KfQDD41fQrC2Y4vKQdiaUpFT4bXlb1RHhLpp8wtm6M5TgSw***REMOVED******REMOVED***",
      "dev": true,
      "license": "Apache-2.0",
      "bin": {
        "tsc": "bin/tsc",
        "tsserver": "bin/tsserver"
      },
      "engines": {
        "node": ">***REMOVED***14.17"
      }
    },
    "node_modules/undici-types": {
      "version": "6.21.0",
      "resolved": "https://registry.npmjs.org/undici-types/-/undici-types-6.21.0.tgz",
      "integrity": "sha512-iwDZqg0QAGrg9Rav5H4n0M64c3mkR59cJ6wQp+7C4nI0gsmExaedaYLNO44eT4AtBBwjbTiGPMlt2Md0T9H9JQ***REMOVED******REMOVED***",
      "dev": true,
      "license": "MIT"
    }
  }
}
